// !$*UTF8*$!
{
	archiveVersion = 1;
	classes = {
	};
	objectVersion = 56;
	objects = {

/* Begin PBXBuildFile section */
		175B0E672AB4587B00857EC3 /* AppDelegate.swift in Sources */ = {isa = PBXBuildFile; fileRef = 175B0E662AB4587B00857EC3 /* AppDelegate.swift */; };
		175B0E692AB4587B00857EC3 /* SceneDelegate.swift in Sources */ = {isa = PBXBuildFile; fileRef = 175B0E682AB4587B00857EC3 /* SceneDelegate.swift */; };
		175B0E6B2AB4587B00857EC3 /* ViewController.swift in Sources */ = {isa = PBXBuildFile; fileRef = 175B0E6A2AB4587B00857EC3 /* ViewController.swift */; };
		175B0E6E2AB4587B00857EC3 /* Main.storyboard in Resources */ = {isa = PBXBuildFile; fileRef = 175B0E6C2AB4587B00857EC3 /* Main.storyboard */; };
		175B0E702AB4587D00857EC3 /* Assets.xcassets in Resources */ = {isa = PBXBuildFile; fileRef = 175B0E6F2AB4587D00857EC3 /* Assets.xcassets */; };
		175B0E732AB4587D00857EC3 /* LaunchScreen.storyboard in Resources */ = {isa = PBXBuildFile; fileRef = 175B0E712AB4587D00857EC3 /* LaunchScreen.storyboard */; };
		175B0E7E2AB4587D00857EC3 /* bili_swiftTests.swift in Sources */ = {isa = PBXBuildFile; fileRef = 175B0E7D2AB4587D00857EC3 /* bili_swiftTests.swift */; };
		175B0E882AB4587D00857EC3 /* bili_swiftUITests.swift in Sources */ = {isa = PBXBuildFile; fileRef = 175B0E872AB4587D00857EC3 /* bili_swiftUITests.swift */; };
		175B0E8A2AB4587D00857EC3 /* bili_swiftUITestsLaunchTests.swift in Sources */ = {isa = PBXBuildFile; fileRef = 175B0E892AB4587D00857EC3 /* bili_swiftUITestsLaunchTests.swift */; };
		26D97B72EA79F7CC0CFBCEF6 /* Pods_bili_swiftTests.framework in Frameworks */ = {isa = PBXBuildFile; fileRef = E747561CFF588209AFF7C18C /* Pods_bili_swiftTests.framework */; };
		362B049ACBAC8DB689DC38F7 /* Pods_bili_swift.framework in Frameworks */ = {isa = PBXBuildFile; fileRef = D4E93164AE011994D46501BF /* Pods_bili_swift.framework */; };
		99A541834073DB1B35F360A7 /* Pods_bili_swift_bili_swiftUITests.framework in Frameworks */ = {isa = PBXBuildFile; fileRef = 5BE8AFE95D48787941E468AD /* Pods_bili_swift_bili_swiftUITests.framework */; };
/* End PBXBuildFile section */

/* Begin PBXContainerItemProxy section */
		175B0E7A2AB4587D00857EC3 /* PBXContainerItemProxy */ = {
			isa = PBXContainerItemProxy;
			containerPortal = 175B0E5B2AB4587B00857EC3 /* Project object */;
			proxyType = 1;
			remoteGlobalIDString = 175B0E622AB4587B00857EC3;
			remoteInfo = bili_swift;
		};
		175B0E842AB4587D00857EC3 /* PBXContainerItemProxy */ = {
			isa = PBXContainerItemProxy;
			containerPortal = 175B0E5B2AB4587B00857EC3 /* Project object */;
			proxyType = 1;
			remoteGlobalIDString = 175B0E622AB4587B00857EC3;
			remoteInfo = bili_swift;
		};
/* End PBXContainerItemProxy section */

/* Begin PBXFileReference section */
		175B0E632AB4587B00857EC3 /* bili_swift.app */ = {isa = PBXFileReference; explicitFileType = wrapper.application; includeInIndex = 0; path = bili_swift.app; sourceTree = BUILT_PRODUCTS_DIR; };
		175B0E662AB4587B00857EC3 /* AppDelegate.swift */ = {isa = PBXFileReference; lastKnownFileType = sourcecode.swift; path = AppDelegate.swift; sourceTree = "<group>"; };
		175B0E682AB4587B00857EC3 /* SceneDelegate.swift */ = {isa = PBXFileReference; lastKnownFileType = sourcecode.swift; path = SceneDelegate.swift; sourceTree = "<group>"; };
		175B0E6A2AB4587B00857EC3 /* ViewController.swift */ = {isa = PBXFileReference; lastKnownFileType = sourcecode.swift; path = ViewController.swift; sourceTree = "<group>"; };
		175B0E6D2AB4587B00857EC3 /* Base */ = {isa = PBXFileReference; lastKnownFileType = file.storyboard; name = Base; path = Base.lproj/Main.storyboard; sourceTree = "<group>"; };
		175B0E6F2AB4587D00857EC3 /* Assets.xcassets */ = {isa = PBXFileReference; lastKnownFileType = folder.assetcatalog; path = Assets.xcassets; sourceTree = "<group>"; };
		175B0E722AB4587D00857EC3 /* Base */ = {isa = PBXFileReference; lastKnownFileType = file.storyboard; name = Base; path = Base.lproj/LaunchScreen.storyboard; sourceTree = "<group>"; };
		175B0E742AB4587D00857EC3 /* Info.plist */ = {isa = PBXFileReference; lastKnownFileType = text.plist.xml; path = Info.plist; sourceTree = "<group>"; };
		175B0E792AB4587D00857EC3 /* bili_swiftTests.xctest */ = {isa = PBXFileReference; explicitFileType = wrapper.cfbundle; includeInIndex = 0; path = bili_swiftTests.xctest; sourceTree = BUILT_PRODUCTS_DIR; };
		175B0E7D2AB4587D00857EC3 /* bili_swiftTests.swift */ = {isa = PBXFileReference; lastKnownFileType = sourcecode.swift; path = bili_swiftTests.swift; sourceTree = "<group>"; };
		175B0E832AB4587D00857EC3 /* bili_swiftUITests.xctest */ = {isa = PBXFileReference; explicitFileType = wrapper.cfbundle; includeInIndex = 0; path = bili_swiftUITests.xctest; sourceTree = BUILT_PRODUCTS_DIR; };
		175B0E872AB4587D00857EC3 /* bili_swiftUITests.swift */ = {isa = PBXFileReference; lastKnownFileType = sourcecode.swift; path = bili_swiftUITests.swift; sourceTree = "<group>"; };
		175B0E892AB4587D00857EC3 /* bili_swiftUITestsLaunchTests.swift */ = {isa = PBXFileReference; lastKnownFileType = sourcecode.swift; path = bili_swiftUITestsLaunchTests.swift; sourceTree = "<group>"; };
		229A3D709BE7F844B9F716A3 /* Pods-bili_swift.debug.xcconfig */ = {isa = PBXFileReference; includeInIndex = 1; lastKnownFileType = text.xcconfig; name = "Pods-bili_swift.debug.xcconfig"; path = "Target Support Files/Pods-bili_swift/Pods-bili_swift.debug.xcconfig"; sourceTree = "<group>"; };
		322F5646BDF4752EBA3643F6 /* Pods-bili_swift-bili_swiftUITests.debug.xcconfig */ = {isa = PBXFileReference; includeInIndex = 1; lastKnownFileType = text.xcconfig; name = "Pods-bili_swift-bili_swiftUITests.debug.xcconfig"; path = "Target Support Files/Pods-bili_swift-bili_swiftUITests/Pods-bili_swift-bili_swiftUITests.debug.xcconfig"; sourceTree = "<group>"; };
		3A0E5B9CF78310FE2DF9083F /* Pods-bili_swiftTests.release.xcconfig */ = {isa = PBXFileReference; includeInIndex = 1; lastKnownFileType = text.xcconfig; name = "Pods-bili_swiftTests.release.xcconfig"; path = "Target Support Files/Pods-bili_swiftTests/Pods-bili_swiftTests.release.xcconfig"; sourceTree = "<group>"; };
		5BE8AFE95D48787941E468AD /* Pods_bili_swift_bili_swiftUITests.framework */ = {isa = PBXFileReference; explicitFileType = wrapper.framework; includeInIndex = 0; path = Pods_bili_swift_bili_swiftUITests.framework; sourceTree = BUILT_PRODUCTS_DIR; };
		A7380C5D05DA4CB35D9FFB9E /* Pods-bili_swift-bili_swiftUITests.release.xcconfig */ = {isa = PBXFileReference; includeInIndex = 1; lastKnownFileType = text.xcconfig; name = "Pods-bili_swift-bili_swiftUITests.release.xcconfig"; path = "Target Support Files/Pods-bili_swift-bili_swiftUITests/Pods-bili_swift-bili_swiftUITests.release.xcconfig"; sourceTree = "<group>"; };
		C63F2168FF77A61C2E6164D9 /* Pods-bili_swiftTests.debug.xcconfig */ = {isa = PBXFileReference; includeInIndex = 1; lastKnownFileType = text.xcconfig; name = "Pods-bili_swiftTests.debug.xcconfig"; path = "Target Support Files/Pods-bili_swiftTests/Pods-bili_swiftTests.debug.xcconfig"; sourceTree = "<group>"; };
		D4E93164AE011994D46501BF /* Pods_bili_swift.framework */ = {isa = PBXFileReference; explicitFileType = wrapper.framework; includeInIndex = 0; path = Pods_bili_swift.framework; sourceTree = BUILT_PRODUCTS_DIR; };
		E747561CFF588209AFF7C18C /* Pods_bili_swiftTests.framework */ = {isa = PBXFileReference; explicitFileType = wrapper.framework; includeInIndex = 0; path = Pods_bili_swiftTests.framework; sourceTree = BUILT_PRODUCTS_DIR; };
		E7A98A7841A4E25230D0DBE2 /* Pods-bili_swift.release.xcconfig */ = {isa = PBXFileReference; includeInIndex = 1; lastKnownFileType = text.xcconfig; name = "Pods-bili_swift.release.xcconfig"; path = "Target Support Files/Pods-bili_swift/Pods-bili_swift.release.xcconfig"; sourceTree = "<group>"; };
/* End PBXFileReference section */

/* Begin PBXFrameworksBuildPhase section */
		175B0E602AB4587B00857EC3 /* Frameworks */ = {
			isa = PBXFrameworksBuildPhase;
			buildActionMask = 2147483647;
			files = (
				362B049ACBAC8DB689DC38F7 /* Pods_bili_swift.framework in Frameworks */,
			);
			runOnlyForDeploymentPostprocessing = 0;
		};
		175B0E762AB4587D00857EC3 /* Frameworks */ = {
			isa = PBXFrameworksBuildPhase;
			buildActionMask = 2147483647;
			files = (
				26D97B72EA79F7CC0CFBCEF6 /* Pods_bili_swiftTests.framework in Frameworks */,
			);
			runOnlyForDeploymentPostprocessing = 0;
		};
		175B0E802AB4587D00857EC3 /* Frameworks */ = {
			isa = PBXFrameworksBuildPhase;
			buildActionMask = 2147483647;
			files = (
				99A541834073DB1B35F360A7 /* Pods_bili_swift_bili_swiftUITests.framework in Frameworks */,
			);
			runOnlyForDeploymentPostprocessing = 0;
		};
/* End PBXFrameworksBuildPhase section */

/* Begin PBXGroup section */
		175B0E5A2AB4587B00857EC3 = {
			isa = PBXGroup;
			children = (
				175B0E652AB4587B00857EC3 /* bili_swift */,
				175B0E7C2AB4587D00857EC3 /* bili_swiftTests */,
				175B0E862AB4587D00857EC3 /* bili_swiftUITests */,
				175B0E642AB4587B00857EC3 /* Products */,
				E250062FE6AF2E60D8B7AECB /* Pods */,
				1A1ECD4E247E07A385BF2E0B /* Frameworks */,
			);
			sourceTree = "<group>";
		};
		175B0E642AB4587B00857EC3 /* Products */ = {
			isa = PBXGroup;
			children = (
				175B0E632AB4587B00857EC3 /* bili_swift.app */,
				175B0E792AB4587D00857EC3 /* bili_swiftTests.xctest */,
				175B0E832AB4587D00857EC3 /* bili_swiftUITests.xctest */,
			);
			name = Products;
			sourceTree = "<group>";
		};
		175B0E652AB4587B00857EC3 /* bili_swift */ = {
			isa = PBXGroup;
			children = (
				175B0E662AB4587B00857EC3 /* AppDelegate.swift */,
				175B0E682AB4587B00857EC3 /* SceneDelegate.swift */,
				175B0E6A2AB4587B00857EC3 /* ViewController.swift */,
				175B0E6C2AB4587B00857EC3 /* Main.storyboard */,
				175B0E6F2AB4587D00857EC3 /* Assets.xcassets */,
				175B0E712AB4587D00857EC3 /* LaunchScreen.storyboard */,
				175B0E742AB4587D00857EC3 /* Info.plist */,
			);
			path = bili_swift;
			sourceTree = "<group>";
		};
		175B0E7C2AB4587D00857EC3 /* bili_swiftTests */ = {
			isa = PBXGroup;
			children = (
				175B0E7D2AB4587D00857EC3 /* bili_swiftTests.swift */,
			);
			path = bili_swiftTests;
			sourceTree = "<group>";
		};
		175B0E862AB4587D00857EC3 /* bili_swiftUITests */ = {
			isa = PBXGroup;
			children = (
				175B0E872AB4587D00857EC3 /* bili_swiftUITests.swift */,
				175B0E892AB4587D00857EC3 /* bili_swiftUITestsLaunchTests.swift */,
			);
			path = bili_swiftUITests;
			sourceTree = "<group>";
		};
		1A1ECD4E247E07A385BF2E0B /* Frameworks */ = {
			isa = PBXGroup;
			children = (
				D4E93164AE011994D46501BF /* Pods_bili_swift.framework */,
				5BE8AFE95D48787941E468AD /* Pods_bili_swift_bili_swiftUITests.framework */,
				E747561CFF588209AFF7C18C /* Pods_bili_swiftTests.framework */,
			);
			name = Frameworks;
			sourceTree = "<group>";
		};
		E250062FE6AF2E60D8B7AECB /* Pods */ = {
			isa = PBXGroup;
			children = (
				229A3D709BE7F844B9F716A3 /* Pods-bili_swift.debug.xcconfig */,
				E7A98A7841A4E25230D0DBE2 /* Pods-bili_swift.release.xcconfig */,
				322F5646BDF4752EBA3643F6 /* Pods-bili_swift-bili_swiftUITests.debug.xcconfig */,
				A7380C5D05DA4CB35D9FFB9E /* Pods-bili_swift-bili_swiftUITests.release.xcconfig */,
				C63F2168FF77A61C2E6164D9 /* Pods-bili_swiftTests.debug.xcconfig */,
				3A0E5B9CF78310FE2DF9083F /* Pods-bili_swiftTests.release.xcconfig */,
			);
			path = Pods;
			sourceTree = "<group>";
		};
/* End PBXGroup section */

/* Begin PBXNativeTarget section */
		175B0E622AB4587B00857EC3 /* bili_swift */ = {
			isa = PBXNativeTarget;
			buildConfigurationList = 175B0E8D2AB4587D00857EC3 /* Build configuration list for PBXNativeTarget "bili_swift" */;
			buildPhases = (
				9FB7B0906233AA9F530963D3 /* [CP] Check Pods Manifest.lock */,
				175B0E5F2AB4587B00857EC3 /* Sources */,
				175B0E602AB4587B00857EC3 /* Frameworks */,
				175B0E612AB4587B00857EC3 /* Resources */,
				844D420BD5BD40D366D0E0AE /* [CP] Embed Pods Frameworks */,
			);
			buildRules = (
			);
			dependencies = (
			);
			name = bili_swift;
			productName = bili_swift;
			productReference = 175B0E632AB4587B00857EC3 /* bili_swift.app */;
			productType = "com.apple.product-type.application";
		};
		175B0E782AB4587D00857EC3 /* bili_swiftTests */ = {
			isa = PBXNativeTarget;
			buildConfigurationList = 175B0E902AB4587D00857EC3 /* Build configuration list for PBXNativeTarget "bili_swiftTests" */;
			buildPhases = (
				01C1DB02216FD68DF60D9AA1 /* [CP] Check Pods Manifest.lock */,
				175B0E752AB4587D00857EC3 /* Sources */,
				175B0E762AB4587D00857EC3 /* Frameworks */,
				175B0E772AB4587D00857EC3 /* Resources */,
			);
			buildRules = (
			);
			dependencies = (
				175B0E7B2AB4587D00857EC3 /* PBXTargetDependency */,
			);
			name = bili_swiftTests;
			productName = bili_swiftTests;
			productReference = 175B0E792AB4587D00857EC3 /* bili_swiftTests.xctest */;
			productType = "com.apple.product-type.bundle.unit-test";
		};
		175B0E822AB4587D00857EC3 /* bili_swiftUITests */ = {
			isa = PBXNativeTarget;
			buildConfigurationList = 175B0E932AB4587D00857EC3 /* Build configuration list for PBXNativeTarget "bili_swiftUITests" */;
			buildPhases = (
				D5532ECEE20CE93FA0C33C82 /* [CP] Check Pods Manifest.lock */,
				175B0E7F2AB4587D00857EC3 /* Sources */,
				175B0E802AB4587D00857EC3 /* Frameworks */,
				175B0E812AB4587D00857EC3 /* Resources */,
				61FED4065A69B0108028D689 /* [CP] Embed Pods Frameworks */,
			);
			buildRules = (
			);
			dependencies = (
				175B0E852AB4587D00857EC3 /* PBXTargetDependency */,
			);
			name = bili_swiftUITests;
			productName = bili_swiftUITests;
			productReference = 175B0E832AB4587D00857EC3 /* bili_swiftUITests.xctest */;
			productType = "com.apple.product-type.bundle.ui-testing";
		};
/* End PBXNativeTarget section */

/* Begin PBXProject section */
		175B0E5B2AB4587B00857EC3 /* Project object */ = {
			isa = PBXProject;
			attributes = {
				BuildIndependentTargetsInParallel = 1;
				LastSwiftUpdateCheck = 1430;
				LastUpgradeCheck = 1430;
				TargetAttributes = {
					175B0E622AB4587B00857EC3 = {
						CreatedOnToolsVersion = 14.3;
					};
					175B0E782AB4587D00857EC3 = {
						CreatedOnToolsVersion = 14.3;
						TestTargetID = 175B0E622AB4587B00857EC3;
					};
					175B0E822AB4587D00857EC3 = {
						CreatedOnToolsVersion = 14.3;
						TestTargetID = 175B0E622AB4587B00857EC3;
					};
				};
			};
			buildConfigurationList = 175B0E5E2AB4587B00857EC3 /* Build configuration list for PBXProject "bili_swift" */;
			compatibilityVersion = "Xcode 14.0";
			developmentRegion = en;
			hasScannedForEncodings = 0;
			knownRegions = (
				en,
				Base,
			);
			mainGroup = 175B0E5A2AB4587B00857EC3;
			productRefGroup = 175B0E642AB4587B00857EC3 /* Products */;
			projectDirPath = "";
			projectRoot = "";
			targets = (
				175B0E622AB4587B00857EC3 /* bili_swift */,
				175B0E782AB4587D00857EC3 /* bili_swiftTests */,
				175B0E822AB4587D00857EC3 /* bili_swiftUITests */,
			);
		};
/* End PBXProject section */

/* Begin PBXResourcesBuildPhase section */
		175B0E612AB4587B00857EC3 /* Resources */ = {
			isa = PBXResourcesBuildPhase;
			buildActionMask = 2147483647;
			files = (
				175B0E732AB4587D00857EC3 /* LaunchScreen.storyboard in Resources */,
				175B0E702AB4587D00857EC3 /* Assets.xcassets in Resources */,
				175B0E6E2AB4587B00857EC3 /* Main.storyboard in Resources */,
			);
			runOnlyForDeploymentPostprocessing = 0;
		};
		175B0E772AB4587D00857EC3 /* Resources */ = {
			isa = PBXResourcesBuildPhase;
			buildActionMask = 2147483647;
			files = (
			);
			runOnlyForDeploymentPostprocessing = 0;
		};
		175B0E812AB4587D00857EC3 /* Resources */ = {
			isa = PBXResourcesBuildPhase;
			buildActionMask = 2147483647;
			files = (
			);
			runOnlyForDeploymentPostprocessing = 0;
		};
/* End PBXResourcesBuildPhase section */

/* Begin PBXShellScriptBuildPhase section */
		01C1DB02216FD68DF60D9AA1 /* [CP] Check Pods Manifest.lock */ = {
			isa = PBXShellScriptBuildPhase;
			buildActionMask = 2147483647;
			files = (
			);
			inputFileListPaths = (
			);
			inputPaths = (
				"${PODS_PODFILE_DIR_PATH}/Podfile.lock",
				"${PODS_ROOT}/Manifest.lock",
			);
			name = "[CP] Check Pods Manifest.lock";
			outputFileListPaths = (
			);
			outputPaths = (
				"$(DERIVED_FILE_DIR)/Pods-bili_swiftTests-checkManifestLockResult.txt",
			);
			runOnlyForDeploymentPostprocessing = 0;
			shellPath = /bin/sh;
			shellScript = "diff \"${PODS_PODFILE_DIR_PATH}/Podfile.lock\" \"${PODS_ROOT}/Manifest.lock\" > /dev/null\nif [ $? != 0 ] ; then\n    # print error to STDERR\n    echo \"error: The sandbox is not in sync with the Podfile.lock. Run 'pod install' or update your CocoaPods installation.\" >&2\n    exit 1\nfi\n# This output is used by Xcode 'outputs' to avoid re-running this script phase.\necho \"SUCCESS\" > \"${SCRIPT_OUTPUT_FILE_0}\"\n";
			showEnvVarsInLog = 0;
		};
		61FED4065A69B0108028D689 /* [CP] Embed Pods Frameworks */ = {
			isa = PBXShellScriptBuildPhase;
			buildActionMask = 2147483647;
			files = (
			);
			inputFileListPaths = (
				"${PODS_ROOT}/Target Support Files/Pods-bili_swift-bili_swiftUITests/Pods-bili_swift-bili_swiftUITests-frameworks-${CONFIGURATION}-input-files.xcfilelist",
			);
			name = "[CP] Embed Pods Frameworks";
			outputFileListPaths = (
				"${PODS_ROOT}/Target Support Files/Pods-bili_swift-bili_swiftUITests/Pods-bili_swift-bili_swiftUITests-frameworks-${CONFIGURATION}-output-files.xcfilelist",
			);
			runOnlyForDeploymentPostprocessing = 0;
			shellPath = /bin/sh;
			shellScript = "\"${PODS_ROOT}/Target Support Files/Pods-bili_swift-bili_swiftUITests/Pods-bili_swift-bili_swiftUITests-frameworks.sh\"\n";
			showEnvVarsInLog = 0;
		};
		844D420BD5BD40D366D0E0AE /* [CP] Embed Pods Frameworks */ = {
			isa = PBXShellScriptBuildPhase;
			buildActionMask = 2147483647;
			files = (
			);
			inputFileListPaths = (
				"${PODS_ROOT}/Target Support Files/Pods-bili_swift/Pods-bili_swift-frameworks-${CONFIGURATION}-input-files.xcfilelist",
			);
			name = "[CP] Embed Pods Frameworks";
			outputFileListPaths = (
				"${PODS_ROOT}/Target Support Files/Pods-bili_swift/Pods-bili_swift-frameworks-${CONFIGURATION}-output-files.xcfilelist",
			);
			runOnlyForDeploymentPostprocessing = 0;
			shellPath = /bin/sh;
			shellScript = "\"${PODS_ROOT}/Target Support Files/Pods-bili_swift/Pods-bili_swift-frameworks.sh\"\n";
			showEnvVarsInLog = 0;
		};
		9FB7B0906233AA9F530963D3 /* [CP] Check Pods Manifest.lock */ = {
			isa = PBXShellScriptBuildPhase;
			buildActionMask = 2147483647;
			files = (
			);
			inputFileListPaths = (
			);
			inputPaths = (
				"${PODS_PODFILE_DIR_PATH}/Podfile.lock",
				"${PODS_ROOT}/Manifest.lock",
			);
			name = "[CP] Check Pods Manifest.lock";
			outputFileListPaths = (
			);
			outputPaths = (
				"$(DERIVED_FILE_DIR)/Pods-bili_swift-checkManifestLockResult.txt",
			);
			runOnlyForDeploymentPostprocessing = 0;
			shellPath = /bin/sh;
			shellScript = "diff \"${PODS_PODFILE_DIR_PATH}/Podfile.lock\" \"${PODS_ROOT}/Manifest.lock\" > /dev/null\nif [ $? != 0 ] ; then\n    # print error to STDERR\n    echo \"error: The sandbox is not in sync with the Podfile.lock. Run 'pod install' or update your CocoaPods installation.\" >&2\n    exit 1\nfi\n# This output is used by Xcode 'outputs' to avoid re-running this script phase.\necho \"SUCCESS\" > \"${SCRIPT_OUTPUT_FILE_0}\"\n";
			showEnvVarsInLog = 0;
		};
		D5532ECEE20CE93FA0C33C82 /* [CP] Check Pods Manifest.lock */ = {
			isa = PBXShellScriptBuildPhase;
			buildActionMask = 2147483647;
			files = (
			);
			inputFileListPaths = (
			);
			inputPaths = (
				"${PODS_PODFILE_DIR_PATH}/Podfile.lock",
				"${PODS_ROOT}/Manifest.lock",
			);
			name = "[CP] Check Pods Manifest.lock";
			outputFileListPaths = (
			);
			outputPaths = (
				"$(DERIVED_FILE_DIR)/Pods-bili_swift-bili_swiftUITests-checkManifestLockResult.txt",
			);
			runOnlyForDeploymentPostprocessing = 0;
			shellPath = /bin/sh;
			shellScript = "diff \"${PODS_PODFILE_DIR_PATH}/Podfile.lock\" \"${PODS_ROOT}/Manifest.lock\" > /dev/null\nif [ $? != 0 ] ; then\n    # print error to STDERR\n    echo \"error: The sandbox is not in sync with the Podfile.lock. Run 'pod install' or update your CocoaPods installation.\" >&2\n    exit 1\nfi\n# This output is used by Xcode 'outputs' to avoid re-running this script phase.\necho \"SUCCESS\" > \"${SCRIPT_OUTPUT_FILE_0}\"\n";
			showEnvVarsInLog = 0;
		};
/* End PBXShellScriptBuildPhase section */

/* Begin PBXSourcesBuildPhase section */
		175B0E5F2AB4587B00857EC3 /* Sources */ = {
			isa = PBXSourcesBuildPhase;
			buildActionMask = 2147483647;
			files = (
				175B0E6B2AB4587B00857EC3 /* ViewController.swift in Sources */,
				175B0E672AB4587B00857EC3 /* AppDelegate.swift in Sources */,
				175B0E692AB4587B00857EC3 /* SceneDelegate.swift in Sources */,
			);
			runOnlyForDeploymentPostprocessing = 0;
		};
		175B0E752AB4587D00857EC3 /* Sources */ = {
			isa = PBXSourcesBuildPhase;
			buildActionMask = 2147483647;
			files = (
				175B0E7E2AB4587D00857EC3 /* bili_swiftTests.swift in Sources */,
			);
			runOnlyForDeploymentPostprocessing = 0;
		};
		175B0E7F2AB4587D00857EC3 /* Sources */ = {
			isa = PBXSourcesBuildPhase;
			buildActionMask = 2147483647;
			files = (
				175B0E8A2AB4587D00857EC3 /* bili_swiftUITestsLaunchTests.swift in Sources */,
				175B0E882AB4587D00857EC3 /* bili_swiftUITests.swift in Sources */,
			);
			runOnlyForDeploymentPostprocessing = 0;
		};
/* End PBXSourcesBuildPhase section */

/* Begin PBXTargetDependency section */
		175B0E7B2AB4587D00857EC3 /* PBXTargetDependency */ = {
			isa = PBXTargetDependency;
			target = 175B0E622AB4587B00857EC3 /* bili_swift */;
			targetProxy = 175B0E7A2AB4587D00857EC3 /* PBXContainerItemProxy */;
		};
		175B0E852AB4587D00857EC3 /* PBXTargetDependency */ = {
			isa = PBXTargetDependency;
			target = 175B0E622AB4587B00857EC3 /* bili_swift */;
			targetProxy = 175B0E842AB4587D00857EC3 /* PBXContainerItemProxy */;
		};
/* End PBXTargetDependency section */

/* Begin PBXVariantGroup section */
		175B0E6C2AB4587B00857EC3 /* Main.storyboard */ = {
			isa = PBXVariantGroup;
			children = (
				175B0E6D2AB4587B00857EC3 /* Base */,
			);
			name = Main.storyboard;
			sourceTree = "<group>";
		};
		175B0E712AB4587D00857EC3 /* LaunchScreen.storyboard */ = {
			isa = PBXVariantGroup;
			children = (
				175B0E722AB4587D00857EC3 /* Base */,
			);
			name = LaunchScreen.storyboard;
			sourceTree = "<group>";
		};
/* End PBXVariantGroup section */

/* Begin XCBuildConfiguration section */
		175B0E8B2AB4587D00857EC3 /* Debug */ = {
			isa = XCBuildConfiguration;
			buildSettings = {
				ALWAYS_SEARCH_USER_PATHS = NO;
				CLANG_ANALYZER_NONNULL = YES;
				CLANG_ANALYZER_NUMBER_OBJECT_CONVERSION = YES_AGGRESSIVE;
				CLANG_CXX_LANGUAGE_STANDARD = "gnu++20";
				CLANG_ENABLE_MODULES = YES;
				CLANG_ENABLE_OBJC_ARC = YES;
				CLANG_ENABLE_OBJC_WEAK = YES;
				CLANG_WARN_BLOCK_CAPTURE_AUTORELEASING = YES;
				CLANG_WARN_BOOL_CONVERSION = YES;
				CLANG_WARN_COMMA = YES;
				CLANG_WARN_CONSTANT_CONVERSION = YES;
				CLANG_WARN_DEPRECATED_OBJC_IMPLEMENTATIONS = YES;
				CLANG_WARN_DIRECT_OBJC_ISA_USAGE = YES_ERROR;
				CLANG_WARN_DOCUMENTATION_COMMENTS = YES;
				CLANG_WARN_EMPTY_BODY = YES;
				CLANG_WARN_ENUM_CONVERSION = YES;
				CLANG_WARN_INFINITE_RECURSION = YES;
				CLANG_WARN_INT_CONVERSION = YES;
				CLANG_WARN_NON_LITERAL_NULL_CONVERSION = YES;
				CLANG_WARN_OBJC_IMPLICIT_RETAIN_SELF = YES;
				CLANG_WARN_OBJC_LITERAL_CONVERSION = YES;
				CLANG_WARN_OBJC_ROOT_CLASS = YES_ERROR;
				CLANG_WARN_QUOTED_INCLUDE_IN_FRAMEWORK_HEADER = YES;
				CLANG_WARN_RANGE_LOOP_ANALYSIS = YES;
				CLANG_WARN_STRICT_PROTOTYPES = YES;
				CLANG_WARN_SUSPICIOUS_MOVE = YES;
				CLANG_WARN_UNGUARDED_AVAILABILITY = YES_AGGRESSIVE;
				CLANG_WARN_UNREACHABLE_CODE = YES;
				CLANG_WARN__DUPLICATE_METHOD_MATCH = YES;
				COPY_PHASE_STRIP = NO;
				DEBUG_INFORMATION_FORMAT = dwarf;
				ENABLE_STRICT_OBJC_MSGSEND = YES;
				ENABLE_TESTABILITY = YES;
				GCC_C_LANGUAGE_STANDARD = gnu11;
				GCC_DYNAMIC_NO_PIC = NO;
				GCC_NO_COMMON_BLOCKS = YES;
				GCC_OPTIMIZATION_LEVEL = 0;
				GCC_PREPROCESSOR_DEFINITIONS = (
					"DEBUG=1",
					"$(inherited)",
				);
				GCC_WARN_64_TO_32_BIT_CONVERSION = YES;
				GCC_WARN_ABOUT_RETURN_TYPE = YES_ERROR;
				GCC_WARN_UNDECLARED_SELECTOR = YES;
				GCC_WARN_UNINITIALIZED_AUTOS = YES_AGGRESSIVE;
				GCC_WARN_UNUSED_FUNCTION = YES;
				GCC_WARN_UNUSED_VARIABLE = YES;
				IPHONEOS_DEPLOYMENT_TARGET = 16.4;
				MTL_ENABLE_DEBUG_INFO = INCLUDE_SOURCE;
				MTL_FAST_MATH = YES;
				ONLY_ACTIVE_ARCH = YES;
				SDKROOT = iphoneos;
				SWIFT_ACTIVE_COMPILATION_CONDITIONS = DEBUG;
				SWIFT_OPTIMIZATION_LEVEL = "-Onone";
			};
			name = Debug;
		};
		175B0E8C2AB4587D00857EC3 /* Release */ = {
			isa = XCBuildConfiguration;
			buildSettings = {
				ALWAYS_SEARCH_USER_PATHS = NO;
				CLANG_ANALYZER_NONNULL = YES;
				CLANG_ANALYZER_NUMBER_OBJECT_CONVERSION = YES_AGGRESSIVE;
				CLANG_CXX_LANGUAGE_STANDARD = "gnu++20";
				CLANG_ENABLE_MODULES = YES;
				CLANG_ENABLE_OBJC_ARC = YES;
				CLANG_ENABLE_OBJC_WEAK = YES;
				CLANG_WARN_BLOCK_CAPTURE_AUTORELEASING = YES;
				CLANG_WARN_BOOL_CONVERSION = YES;
				CLANG_WARN_COMMA = YES;
				CLANG_WARN_CONSTANT_CONVERSION = YES;
				CLANG_WARN_DEPRECATED_OBJC_IMPLEMENTATIONS = YES;
				CLANG_WARN_DIRECT_OBJC_ISA_USAGE = YES_ERROR;
				CLANG_WARN_DOCUMENTATION_COMMENTS = YES;
				CLANG_WARN_EMPTY_BODY = YES;
				CLANG_WARN_ENUM_CONVERSION = YES;
				CLANG_WARN_INFINITE_RECURSION = YES;
				CLANG_WARN_INT_CONVERSION = YES;
				CLANG_WARN_NON_LITERAL_NULL_CONVERSION = YES;
				CLANG_WARN_OBJC_IMPLICIT_RETAIN_SELF = YES;
				CLANG_WARN_OBJC_LITERAL_CONVERSION = YES;
				CLANG_WARN_OBJC_ROOT_CLASS = YES_ERROR;
				CLANG_WARN_QUOTED_INCLUDE_IN_FRAMEWORK_HEADER = YES;
				CLANG_WARN_RANGE_LOOP_ANALYSIS = YES;
				CLANG_WARN_STRICT_PROTOTYPES = YES;
				CLANG_WARN_SUSPICIOUS_MOVE = YES;
				CLANG_WARN_UNGUARDED_AVAILABILITY = YES_AGGRESSIVE;
				CLANG_WARN_UNREACHABLE_CODE = YES;
				CLANG_WARN__DUPLICATE_METHOD_MATCH = YES;
				COPY_PHASE_STRIP = NO;
				DEBUG_INFORMATION_FORMAT = "dwarf-with-dsym";
				ENABLE_NS_ASSERTIONS = NO;
				ENABLE_STRICT_OBJC_MSGSEND = YES;
				GCC_C_LANGUAGE_STANDARD = gnu11;
				GCC_NO_COMMON_BLOCKS = YES;
				GCC_WARN_64_TO_32_BIT_CONVERSION = YES;
				GCC_WARN_ABOUT_RETURN_TYPE = YES_ERROR;
				GCC_WARN_UNDECLARED_SELECTOR = YES;
				GCC_WARN_UNINITIALIZED_AUTOS = YES_AGGRESSIVE;
				GCC_WARN_UNUSED_FUNCTION = YES;
				GCC_WARN_UNUSED_VARIABLE = YES;
				IPHONEOS_DEPLOYMENT_TARGET = 16.4;
				MTL_ENABLE_DEBUG_INFO = NO;
				MTL_FAST_MATH = YES;
				SDKROOT = iphoneos;
				SWIFT_COMPILATION_MODE = wholemodule;
				SWIFT_OPTIMIZATION_LEVEL = "-O";
				VALIDATE_PRODUCT = YES;
			};
			name = Release;
		};
		175B0E8E2AB4587D00857EC3 /* Debug */ = {
			isa = XCBuildConfiguration;
			baseConfigurationReference = 229A3D709BE7F844B9F716A3 /* Pods-bili_swift.debug.xcconfig */;
			buildSettings = {
				ASSETCATALOG_COMPILER_APPICON_NAME = AppIcon;
				ASSETCATALOG_COMPILER_GLOBAL_ACCENT_COLOR_NAME = AccentColor;
				CODE_SIGN_STYLE = Automatic;
				CURRENT_PROJECT_VERSION = 1;
				DEVELOPMENT_TEAM = 9D6QU8C76Y;
				GENERATE_INFOPLIST_FILE = YES;
				INFOPLIST_FILE = bili_swift/Info.plist;
				INFOPLIST_KEY_UIApplicationSupportsIndirectInputEvents = YES;
				INFOPLIST_KEY_UILaunchStoryboardName = LaunchScreen;
				INFOPLIST_KEY_UIMainStoryboardFile = Main;
				INFOPLIST_KEY_UISupportedInterfaceOrientations = UIInterfaceOrientationPortrait;
				IPHONEOS_DEPLOYMENT_TARGET = 16.0;
				LD_RUNPATH_SEARCH_PATHS = (
					"$(inherited)",
					"@executable_path/Frameworks",
				);
				MARKETING_VERSION = 1.0;
				PRODUCT_BUNDLE_IDENTIFIER = "szh.bili-swift";
				PRODUCT_NAME = "$(TARGET_NAME)";
				SWIFT_EMIT_LOC_STRINGS = YES;
				SWIFT_VERSION = 5.0;
				TARGETED_DEVICE_FAMILY = "1,2";
			};
			name = Debug;
		};
		175B0E8F2AB4587D00857EC3 /* Release */ = {
			isa = XCBuildConfiguration;
			baseConfigurationReference = E7A98A7841A4E25230D0DBE2 /* Pods-bili_swift.release.xcconfig */;
			buildSettings = {
				ASSETCATALOG_COMPILER_APPICON_NAME = AppIcon;
				ASSETCATALOG_COMPILER_GLOBAL_ACCENT_COLOR_NAME = AccentColor;
				CODE_SIGN_STYLE = Automatic;
				CURRENT_PROJECT_VERSION = 1;
				DEVELOPMENT_TEAM = 9D6QU8C76Y;
				GENERATE_INFOPLIST_FILE = YES;
				INFOPLIST_FILE = bili_swift/Info.plist;
				INFOPLIST_KEY_UIApplicationSupportsIndirectInputEvents = YES;
				INFOPLIST_KEY_UILaunchStoryboardName = LaunchScreen;
				INFOPLIST_KEY_UIMainStoryboardFile = Main;
				INFOPLIST_KEY_UISupportedInterfaceOrientations = UIInterfaceOrientationPortrait;
				IPHONEOS_DEPLOYMENT_TARGET = 16.0;
				LD_RUNPATH_SEARCH_PATHS = (
					"$(inherited)",
					"@executable_path/Frameworks",
				);
				MARKETING_VERSION = 1.0;
				PRODUCT_BUNDLE_IDENTIFIER = "szh.bili-swift";
				PRODUCT_NAME = "$(TARGET_NAME)";
				SWIFT_EMIT_LOC_STRINGS = YES;
				SWIFT_VERSION = 5.0;
				TARGETED_DEVICE_FAMILY = "1,2";
			};
			name = Release;
		};
		175B0E912AB4587D00857EC3 /* Debug */ = {
			isa = XCBuildConfiguration;
			baseConfigurationReference = C63F2168FF77A61C2E6164D9 /* Pods-bili_swiftTests.debug.xcconfig */;
			buildSettings = {
				ALWAYS_EMBED_SWIFT_STANDARD_LIBRARIES = YES;
				BUNDLE_LOADER = "$(TEST_HOST)";
				CODE_SIGN_STYLE = Automatic;
				CURRENT_PROJECT_VERSION = 1;
				DEVELOPMENT_TEAM = 9D6QU8C76Y;
				GENERATE_INFOPLIST_FILE = YES;
				IPHONEOS_DEPLOYMENT_TARGET = 16.4;
				MARKETING_VERSION = 1.0;
				PRODUCT_BUNDLE_IDENTIFIER = "szh.bili-swiftTests";
				PRODUCT_NAME = "$(TARGET_NAME)";
				SWIFT_EMIT_LOC_STRINGS = NO;
				SWIFT_VERSION = 5.0;
				TARGETED_DEVICE_FAMILY = "1,2";
				TEST_HOST = "$(BUILT_PRODUCTS_DIR)/bili_swift.app/$(BUNDLE_EXECUTABLE_FOLDER_PATH)/bili_swift";
			};
			name = Debug;
		};
		175B0E922AB4587D00857EC3 /* Release */ = {
			isa = XCBuildConfiguration;
			baseConfigurationReference = 3A0E5B9CF78310FE2DF9083F /* Pods-bili_swiftTests.release.xcconfig */;
			buildSettings = {
				ALWAYS_EMBED_SWIFT_STANDARD_LIBRARIES = YES;
				BUNDLE_LOADER = "$(TEST_HOST)";
				CODE_SIGN_STYLE = Automatic;
				CURRENT_PROJECT_VERSION = 1;
				DEVELOPMENT_TEAM = 9D6QU8C76Y;
				GENERATE_INFOPLIST_FILE = YES;
				IPHONEOS_DEPLOYMENT_TARGET = 16.4;
				MARKETING_VERSION = 1.0;
				PRODUCT_BUNDLE_IDENTIFIER = "szh.bili-swiftTests";
				PRODUCT_NAME = "$(TARGET_NAME)";
				SWIFT_EMIT_LOC_STRINGS = NO;
				SWIFT_VERSION = 5.0;
				TARGETED_DEVICE_FAMILY = "1,2";
				TEST_HOST = "$(BUILT_PRODUCTS_DIR)/bili_swift.app/$(BUNDLE_EXECUTABLE_FOLDER_PATH)/bili_swift";
			};
			name = Release;
		};
		175B0E942AB4587D00857EC3 /* Debug */ = {
			isa = XCBuildConfiguration;
			baseConfigurationReference = 322F5646BDF4752EBA3643F6 /* Pods-bili_swift-bili_swiftUITests.debug.xcconfig */;
			buildSettings = {
				ALWAYS_EMBED_SWIFT_STANDARD_LIBRARIES = YES;
				CODE_SIGN_STYLE = Automatic;
				CURRENT_PROJECT_VERSION = 1;
				DEVELOPMENT_TEAM = 9D6QU8C76Y;
				GENERATE_INFOPLIST_FILE = YES;
				MARKETING_VERSION = 1.0;
				PRODUCT_BUNDLE_IDENTIFIER = "szh.bili-swiftUITests";
				PRODUCT_NAME = "$(TARGET_NAME)";
				SWIFT_EMIT_LOC_STRINGS = NO;
				SWIFT_VERSION = 5.0;
				TARGETED_DEVICE_FAMILY = "1,2";
				TEST_TARGET_NAME = bili_swift;
			};
			name = Debug;
		};
		175B0E952AB4587D00857EC3 /* Release */ = {
			isa = XCBuildConfiguration;
			baseConfigurationReference = A7380C5D05DA4CB35D9FFB9E /* Pods-bili_swift-bili_swiftUITests.release.xcconfig */;
			buildSettings = {
				ALWAYS_EMBED_SWIFT_STANDARD_LIBRARIES = YES;
				CODE_SIGN_STYLE = Automatic;
				CURRENT_PROJECT_VERSION = 1;
				DEVELOPMENT_TEAM = 9D6QU8C76Y;
				GENERATE_INFOPLIST_FILE = YES;
				MARKETING_VERSION = 1.0;
				PRODUCT_BUNDLE_IDENTIFIER = "szh.bili-swiftUITests";
				PRODUCT_NAME = "$(TARGET_NAME)";
				SWIFT_EMIT_LOC_STRINGS = NO;
				SWIFT_VERSION = 5.0;
				TARGETED_DEVICE_FAMILY = "1,2";
				TEST_TARGET_NAME = bili_swift;
			};
			name = Release;
		};
/* End XCBuildConfiguration section */

/* Begin XCConfigurationList section */
		175B0E5E2AB4587B00857EC3 /* Build configuration list for PBXProject "bili_swift" */ = {
			isa = XCConfigurationList;
			buildConfigurations = (
				175B0E8B2AB4587D00857EC3 /* Debug */,
				175B0E8C2AB4587D00857EC3 /* Release */,
			);
			defaultConfigurationIsVisible = 0;
			defaultConfigurationName = Release;
		};
		175B0E8D2AB4587D00857EC3 /* Build configuration list for PBXNativeTarget "bili_swift" */ = {
			isa = XCConfigurationList;
			buildConfigurations = (
				175B0E8E2AB4587D00857EC3 /* Debug */,
				175B0E8F2AB4587D00857EC3 /* Release */,
			);
			defaultConfigurationIsVisible = 0;
			defaultConfigurationName = Release;
		};
		175B0E902AB4587D00857EC3 /* Build configuration list for PBXNativeTarget "bili_swiftTests" */ = {
			isa = XCConfigurationList;
			buildConfigurations = (
				175B0E912AB4587D00857EC3 /* Debug */,
				175B0E922AB4587D00857EC3 /* Release */,
			);
			defaultConfigurationIsVisible = 0;
			defaultConfigurationName = Release;
		};
		175B0E932AB4587D00857EC3 /* Build configuration list for PBXNativeTarget "bili_swiftUITests" */ = {
			isa = XCConfigurationList;
			buildConfigurations = (
				175B0E942AB4587D00857EC3 /* Debug */,
				175B0E952AB4587D00857EC3 /* Release */,
			);
			defaultConfigurationIsVisible = 0;
			defaultConfigurationName = Release;
		};
/* End XCConfigurationList section */
	};
	rootObject = 175B0E5B2AB4587B00857EC3 /* Project object */;
}
